<Solution>
  <Folder Name="/ZucchiniMVC/">
    <Project Path="ZucchiniMVC/Zucchinimvc.csproj" />
  </Folder>
  <Project Path="ZucchiniBackgroundJobs/ZucchiniBackgroundJobs.csproj" />
  <Project Path="ZucchiniCore/ZucchiniCore.csproj" />
  <Project Path="ZucchiniMVC.E2ETests/ZucchiniMVC.E2ETests.csproj" />
</Solution>
